github.com/ardanlabs/conf/v3 v3.1.7 h1:p232cF68TafoA5U9ZlbxUIhGJtGNdKHBXF80Fdqb5t0=
github.com/ardanlabs/conf/v3 v3.1.7/go.mod h1:zclexWKe0NVj6LHQ8NgDDZ7bQ1spE0KeKPFficdtAjU=
github.com/ardanlabs/service v0.0.0-20240215193927-331099a7daec h1:hcRJN20soHaFkUM4MvUefE5N2Jf/4C/bPC9tcj+jWtc=
github.com/ardanlabs/service v0.0.0-20240215193927-331099a7daec/go.mod h1:3GBMf5JMQcxDvUyF5QzwBtz8iIPu4zX0Kb/bVnMK4SY=
github.com/arl/statsviz v0.6.0 h1:jbW1QJkEYQkufd//4NDYRSNBpwJNrdzPahF7ZmoGdyE=
github.com/arl/statsviz v0.6.0/go.mod h1:0toboo+YGSUXDaS4g1D5TVS4dXs7S7YYT5J/qnW2h8s=
github.com/go-json-experiment/json v0.0.0-20231102232822-2e55bd4e08b0 h1:ymLjT4f35nQbASLnvxEde4XOBL+Sn7rFuV+FOJqkljg=
github.com/go-json-experiment/json v0.0.0-20231102232822-2e55bd4e08b0/go.mod h1:6daplAwHHGbUGib4990V3Il26O0OC4aRyvewaaAihaA=
github.com/google/go-cmp v0.3.1/go.mod h1:8QqcDgzrUqlUb/G2PQTWiueGozuR1884gddMywk6iLU=
github.com/google/go-cmp v0.6.0 h1:ofyhxvXcZhMsU5ulbFiLKl/XBFqE1GSq7atu8tAmTRI=
github.com/google/go-cmp v0.6.0/go.mod h1:17dUlkBOakJ0+DkrSSNjCkIjxS6bF9zb3elmeNGIjoY=
github.com/gorilla/websocket v1.5.1 h1:gmztn0JnHVt9JZquRuzLw3g4wouNVzKL15iLr/zn/QY=
github.com/gorilla/websocket v1.5.1/go.mod h1:x3kM2JMyaluk02fnUJpQuwD2dCS5NDG2ZHL0uE0tcaY=
github.com/rogpeppe/go-internal v1.11.0 h1:cWPaGQEPrBb5/AsnsZesgZZ9yb1OQ+GOISoDNXVBh4M=
github.com/rogpeppe/go-internal v1.11.0/go.mod h1:ddIwULY96R17DhadqLgMfk9H9tvdUzkipdSkR5nkCZA=
golang.org/x/net v0.21.0 h1:AQyQV4dYCvJ7vGmJyKki9+PBdyvhkSd8EIx/qb0AYv4=
golang.org/x/net v0.21.0/go.mod h1:bIjVDfnllIU7BJ2DNgfnXvpSvtn8VRwhlsaeUTyUS44=
golang.org/x/sys v0.17.0 h1:25cE3gD+tdBA7lp7QfhuV+rJiE9YXTcS3VG1SqssI/Y=
golang.org/x/sys v0.17.0/go.mod h1:/VUhepiaJMQUp4+oa/7Zr1D23ma6VTLIYjOOTFZPUcA=
golang.org/x/tools v0.16.0 h1:GO788SKMRunPIBCXiQyo2AaexLstOrVhuAL5YwsckQM=
golang.org/x/tools v0.16.0/go.mod h1:kYVVN6I1mBNoB1OX+noeBjbRk4IUEPa7JJ+TJMEooJ0=
gopkg.in/check.v1 v0.0.0-20161208181325-20d25e280405/go.mod h1:Co6ibVJAznAaIkqp8huTwlJQCZ016jof/cbN4VW5Yz0=
gopkg.in/yaml.v3 v3.0.1 h1:fxVm/GzAzEWqLHuvctI91KS9hhNmmWOoWu0XTYJS7CA=
gopkg.in/yaml.v3 v3.0.1/go.mod h1:K4uyk7z7BCEPqu6E+C64Yfv1cQ7kz7rIZviUmN+EgEM=
